schema: '2.0'
stages:
  prepare:
    cmd: python prepare.py --config config.yaml
    deps:
    - path: config.yaml
      hash: md5
      md5: cc0df7bc66c97d55a36ce7c3f64db6f0
      size: 469
    - path: data/russian_spam.csv
      hash: md5
      md5: 9f58ea47dc241f6debce5b3614d66140
      size: 846344888
    - path: prepare.py
      hash: md5
      md5: 2cc7f37feb7eb828b3ab4b0fa0722132
      size: 1721
    outs:
    - path: data/test.csv
      hash: md5
      md5: 0b9f42eb16fe41dd917bf767d606b44e
      size: 18731287
    - path: data/train.csv
      hash: md5
      md5: b73fcbdcfb9d79428ce51d6444bc9a49
      size: 56371208
    - path: data/val.csv
      hash: md5
      md5: 804f2a06f17b0ea63dd22304aa39dcc3
      size: 18733594
